
Microsoft Visual Studio Solution File, Format Version 12.00
# Visual Studio Version 17
VisualStudioVersion = 17.14.37614.0 d17.14
MinimumVisualStudioVersion = 10.0.40219.1
Project("{FAE04EC0-301F-11D3-BF4B-00C04F79EFBC}") = "CnttLesson08Model", "CnttLesson08Model.csproj", "{70D56704-5C01-4458-9ECA-6E400E06033D}"
EndProject
Global
	GlobalSection(SolutionConfigurationPlatforms) = preSolution
		Debug|Any CPU = Debug|Any CPU
		Release|Any CPU = Release|Any CPU
	EndGlobalSection
	GlobalSection(ProjectConfigurationPlatforms) = postSolution
		{70D56704-5C01-4458-9ECA-6E400E06033D}.Debug|Any CPU.ActiveCfg = Debug|Any CPU
		{70D56704-5C01-4458-9ECA-6E400E06033D}.Debug|Any CPU.Build.0 = Debug|Any CPU
		{70D56704-5C01-4458-9ECA-6E400E06033D}.Release|Any CPU.ActiveCfg = Release|Any CPU
		{70D56704-5C01-4458-9ECA-6E400E06033D}.Release|Any CPU.Build.0 = Release|Any CPU
	EndGlobalSection
	GlobalSection(SolutionProperties) = preSolution
		HideSolutionNode = FALSE
	EndGlobalSection
	GlobalSection(ExtensibilityGlobals) = postSolution
		SolutionGuid = {E1C7DC06-B703-4583-9C3E-483CBBE6F4E4}
	EndGlobalSection
EndGlobal
