
Microsoft Visual Studio Solution File, Format Version 12.00
# Visual Studio Version 17
VisualStudioVersion = 17.14.37614.0 d17.14
MinimumVisualStudioVersion = 10.0.40219.1
Project("{FAE04EC0-301F-11D3-BF4B-00C04F79EFBC}") = "CnttLesoon05views", "CnttLesoon05views\CnttLesoon05views.csproj", "{C2C04343-3500-4C40-9660-A815E1CD8390}"
EndProject
Global
	GlobalSection(SolutionConfigurationPlatforms) = preSolution
		Debug|Any CPU = Debug|Any CPU
		Release|Any CPU = Release|Any CPU
	EndGlobalSection
	GlobalSection(ProjectConfigurationPlatforms) = postSolution
		{C2C04343-3500-4C40-9660-A815E1CD8390}.Debug|Any CPU.ActiveCfg = Debug|Any CPU
		{C2C04343-3500-4C40-9660-A815E1CD8390}.Debug|Any CPU.Build.0 = Debug|Any CPU
		{C2C04343-3500-4C40-9660-A815E1CD8390}.Release|Any CPU.ActiveCfg = Release|Any CPU
		{C2C04343-3500-4C40-9660-A815E1CD8390}.Release|Any CPU.Build.0 = Release|Any CPU
	EndGlobalSection
	GlobalSection(SolutionProperties) = preSolution
		HideSolutionNode = FALSE
	EndGlobalSection
	GlobalSection(ExtensibilityGlobals) = postSolution
		SolutionGuid = {D4A6DABD-3B3D-439C-AC9B-47FEFE6038BA}
	EndGlobalSection
EndGlobal
