
Microsoft Visual Studio Solution File, Format Version 12.00
# Visual Studio Version 17
VisualStudioVersion = 17.14.37614.0 d17.14
MinimumVisualStudioVersion = 10.0.40219.1
Project("{FAE04EC0-301F-11D3-BF4B-00C04F79EFBC}") = "Cntt24109000_exam", "Cntt24109000_exam.csproj", "{9BE3E208-2AA2-45BA-A9B2-EC53FBADA5B6}"
EndProject
Global
	GlobalSection(SolutionConfigurationPlatforms) = preSolution
		Debug|Any CPU = Debug|Any CPU
		Release|Any CPU = Release|Any CPU
	EndGlobalSection
	GlobalSection(ProjectConfigurationPlatforms) = postSolution
		{9BE3E208-2AA2-45BA-A9B2-EC53FBADA5B6}.Debug|Any CPU.ActiveCfg = Debug|Any CPU
		{9BE3E208-2AA2-45BA-A9B2-EC53FBADA5B6}.Debug|Any CPU.Build.0 = Debug|Any CPU
		{9BE3E208-2AA2-45BA-A9B2-EC53FBADA5B6}.Release|Any CPU.ActiveCfg = Release|Any CPU
		{9BE3E208-2AA2-45BA-A9B2-EC53FBADA5B6}.Release|Any CPU.Build.0 = Release|Any CPU
	EndGlobalSection
	GlobalSection(SolutionProperties) = preSolution
		HideSolutionNode = FALSE
	EndGlobalSection
	GlobalSection(ExtensibilityGlobals) = postSolution
		SolutionGuid = {1770F408-7D49-4F41-B344-413E73DDD11D}
	EndGlobalSection
EndGlobal
